
Microsoft Visual Studio Solution File, Format Version 12.00
# Visual Studio Version 17
VisualStudioVersion = 17.12.35527.113
MinimumVisualStudioVersion = 10.0.40219.1
Project("{FAE04EC0-301F-11D3-BF4B-00C04F79EFBC}") = "VSort", "VSort.csproj", "{DF29ABAA-ABB3-4C2A-961C-43008AC8B13A}"
EndProject
Project("{FAE04EC0-301F-11D3-BF4B-00C04F79EFBC}") = "VSort-Test", "..\VSort-Test\VSort-Test.csproj", "{B1994AEF-088D-44E7-A2B3-ABD171F195BA}"
EndProject
Global
	GlobalSection(SolutionConfigurationPlatforms) = preSolution
		Debug|Any CPU = Debug|Any CPU
		Release|Any CPU = Release|Any CPU
	EndGlobalSection
	GlobalSection(ProjectConfigurationPlatforms) = postSolution
		{DF29ABAA-ABB3-4C2A-961C-43008AC8B13A}.Debug|Any CPU.ActiveCfg = Debug|Any CPU
		{DF29ABAA-ABB3-4C2A-961C-43008AC8B13A}.Debug|Any CPU.Build.0 = Debug|Any CPU
		{DF29ABAA-ABB3-4C2A-961C-43008AC8B13A}.Release|Any CPU.ActiveCfg = Release|Any CPU
		{DF29ABAA-ABB3-4C2A-961C-43008AC8B13A}.Release|Any CPU.Build.0 = Release|Any CPU
		{B1994AEF-088D-44E7-A2B3-ABD171F195BA}.Debug|Any CPU.ActiveCfg = Debug|Any CPU
		{B1994AEF-088D-44E7-A2B3-ABD171F195BA}.Debug|Any CPU.Build.0 = Debug|Any CPU
		{B1994AEF-088D-44E7-A2B3-ABD171F195BA}.Release|Any CPU.ActiveCfg = Release|Any CPU
		{B1994AEF-088D-44E7-A2B3-ABD171F195BA}.Release|Any CPU.Build.0 = Release|Any CPU
	EndGlobalSection
	GlobalSection(SolutionProperties) = preSolution
		HideSolutionNode = FALSE
	EndGlobalSection
EndGlobal
